Microsoft Visual Studio Solution File, Format Version 11.00
# Visual Studio 2008

Project("{292C3476-28BA-473B-D1CB-DE8254E703E6}") = "ChpperSniper", "Assembly-CSharp-firstpass.csproj", "{C0EF9C4C-7B14-44C6-AE21-76CE8A9163B6}"
EndProject
Project("{292C3476-28BA-473B-D1CB-DE8254E703E6}") = "ChpperSniper", "Assembly-CSharp.csproj", "{6000EC43-7F2B-A577-8280-F9768CC7200E}"
EndProject
Project("{292C3476-28BA-473B-D1CB-DE8254E703E6}") = "ChpperSniper", "Assembly-CSharp-Editor.csproj", "{9B539FED-DA21-04DC-81A3-BC4F7FCC747F}"
EndProject
Project("{292C3476-28BA-473B-D1CB-DE8254E703E6}") = "ChpperSniper", "Assembly-UnityScript-firstpass.unityproj", "{C034415A-07B8-67F5-788B-E1FD09F6AE51}"
EndProject
Project("{292C3476-28BA-473B-D1CB-DE8254E703E6}") = "ChpperSniper", "Assembly-UnityScript.unityproj", "{1AF7A30B-97E2-1887-46B0-C8BA6855F1D4}"
EndProject
Global
	GlobalSection(SolutionConfigurationPlatforms) = preSolution
		Debug|Any CPU = Debug|Any CPU
		Release|Any CPU = Release|Any CPU
	EndGlobalSection
	GlobalSection(ProjectConfigurationPlatforms) = postSolution
		{C0EF9C4C-7B14-44C6-AE21-76CE8A9163B6}.Debug|Any CPU.ActiveCfg = Debug|Any CPU
		{C0EF9C4C-7B14-44C6-AE21-76CE8A9163B6}.Debug|Any CPU.Build.0 = Debug|Any CPU
		{C0EF9C4C-7B14-44C6-AE21-76CE8A9163B6}.Release|Any CPU.ActiveCfg = Release|Any CPU
		{C0EF9C4C-7B14-44C6-AE21-76CE8A9163B6}.Release|Any CPU.Build.0 = Release|Any CPU
		{6000EC43-7F2B-A577-8280-F9768CC7200E}.Debug|Any CPU.ActiveCfg = Debug|Any CPU
		{6000EC43-7F2B-A577-8280-F9768CC7200E}.Debug|Any CPU.Build.0 = Debug|Any CPU
		{6000EC43-7F2B-A577-8280-F9768CC7200E}.Release|Any CPU.ActiveCfg = Release|Any CPU
		{6000EC43-7F2B-A577-8280-F9768CC7200E}.Release|Any CPU.Build.0 = Release|Any CPU
		{9B539FED-DA21-04DC-81A3-BC4F7FCC747F}.Debug|Any CPU.ActiveCfg = Debug|Any CPU
		{9B539FED-DA21-04DC-81A3-BC4F7FCC747F}.Debug|Any CPU.Build.0 = Debug|Any CPU
		{9B539FED-DA21-04DC-81A3-BC4F7FCC747F}.Release|Any CPU.ActiveCfg = Release|Any CPU
		{9B539FED-DA21-04DC-81A3-BC4F7FCC747F}.Release|Any CPU.Build.0 = Release|Any CPU
		{C034415A-07B8-67F5-788B-E1FD09F6AE51}.Debug|Any CPU.ActiveCfg = Debug|Any CPU
		{C034415A-07B8-67F5-788B-E1FD09F6AE51}.Debug|Any CPU.Build.0 = Debug|Any CPU
		{C034415A-07B8-67F5-788B-E1FD09F6AE51}.Release|Any CPU.ActiveCfg = Release|Any CPU
		{C034415A-07B8-67F5-788B-E1FD09F6AE51}.Release|Any CPU.Build.0 = Release|Any CPU
		{1AF7A30B-97E2-1887-46B0-C8BA6855F1D4}.Debug|Any CPU.ActiveCfg = Debug|Any CPU
		{1AF7A30B-97E2-1887-46B0-C8BA6855F1D4}.Debug|Any CPU.Build.0 = Debug|Any CPU
		{1AF7A30B-97E2-1887-46B0-C8BA6855F1D4}.Release|Any CPU.ActiveCfg = Release|Any CPU
		{1AF7A30B-97E2-1887-46B0-C8BA6855F1D4}.Release|Any CPU.Build.0 = Release|Any CPU
	EndGlobalSection
	GlobalSection(SolutionProperties) = preSolution
		HideSolutionNode = FALSE
	EndGlobalSection
														GlobalSection(MonoDevelopProperties) = preSolution
		StartupItem = Assembly-CSharp.csproj
		Policies = $0
		$0.TextStylePolicy = $1
		$1.inheritsSet = null
		$1.scope = text/x-csharp
		$0.CSharpFormattingPolicy = $2
		$2.inheritsSet = Mono
		$2.inheritsScope = text/x-csharp
		$2.scope = text/x-csharp
		$0.TextStylePolicy = $3
		$3.FileWidth = 120
		$3.TabWidth = 4
		$3.EolMarker = Unix
		$3.inheritsSet = Mono
		$3.inheritsScope = text/plain
		$3.scope = text/plain
	EndGlobalSection

EndGlobal
